
Microsoft Visual Studio Solution File, Format Version 12.00
# Visual Studio Version 17
VisualStudioVersion = 17.0.32126.317
MinimumVisualStudioVersion = 10.0.40219.1
Project("{9A19103F-16F7-4668-BE54-9A1E7A4F7556}") = "ZhouyiStoreFormatter", "ZhouyiStoreFormatter\ZhouyiStoreFormatter.csproj", "{835EF230-0D8A-4195-BD6E-72B39DB43220}"
EndProject
Project("{9A19103F-16F7-4668-BE54-9A1E7A4F7556}") = "OneHexagramPerDayCore", "OneHexagramPerDayCore\OneHexagramPerDayCore.csproj", "{64EB1127-D18B-42B4-AF65-004471A9106C}"
EndProject
Project("{9A19103F-16F7-4668-BE54-9A1E7A4F7556}") = "BlazorApp", "BlazorApp\BlazorApp.csproj", "{DA35F4B1-1963-465B-B0CF-4258E06F13DA}"
EndProject
Project("{9A19103F-16F7-4668-BE54-9A1E7A4F7556}") = "WeChatDraftAdder", "WeChatDraftAdder\WeChatDraftAdder.csproj", "{AD8684CB-B45C-4696-8D56-5FD05271801D}"
EndProject
Project("{9A19103F-16F7-4668-BE54-9A1E7A4F7556}") = "WeChatDraftDeleter", "WeChatDraftDeleter\WeChatDraftDeleter.csproj", "{ACFCB942-C4EB-472A-9DFC-B363539FAD56}"
EndProject
Global
	GlobalSection(SolutionConfigurationPlatforms) = preSolution
		Debug|Any CPU = Debug|Any CPU
		Release|Any CPU = Release|Any CPU
	EndGlobalSection
	GlobalSection(ProjectConfigurationPlatforms) = postSolution
		{835EF230-0D8A-4195-BD6E-72B39DB43220}.Debug|Any CPU.ActiveCfg = Debug|Any CPU
		{835EF230-0D8A-4195-BD6E-72B39DB43220}.Debug|Any CPU.Build.0 = Debug|Any CPU
		{835EF230-0D8A-4195-BD6E-72B39DB43220}.Release|Any CPU.ActiveCfg = Release|Any CPU
		{835EF230-0D8A-4195-BD6E-72B39DB43220}.Release|Any CPU.Build.0 = Release|Any CPU
		{64EB1127-D18B-42B4-AF65-004471A9106C}.Debug|Any CPU.ActiveCfg = Debug|Any CPU
		{64EB1127-D18B-42B4-AF65-004471A9106C}.Debug|Any CPU.Build.0 = Debug|Any CPU
		{64EB1127-D18B-42B4-AF65-004471A9106C}.Release|Any CPU.ActiveCfg = Release|Any CPU
		{64EB1127-D18B-42B4-AF65-004471A9106C}.Release|Any CPU.Build.0 = Release|Any CPU
		{DA35F4B1-1963-465B-B0CF-4258E06F13DA}.Debug|Any CPU.ActiveCfg = Debug|Any CPU
		{DA35F4B1-1963-465B-B0CF-4258E06F13DA}.Debug|Any CPU.Build.0 = Debug|Any CPU
		{DA35F4B1-1963-465B-B0CF-4258E06F13DA}.Release|Any CPU.ActiveCfg = Release|Any CPU
		{DA35F4B1-1963-465B-B0CF-4258E06F13DA}.Release|Any CPU.Build.0 = Release|Any CPU
		{AD8684CB-B45C-4696-8D56-5FD05271801D}.Debug|Any CPU.ActiveCfg = Debug|Any CPU
		{AD8684CB-B45C-4696-8D56-5FD05271801D}.Debug|Any CPU.Build.0 = Debug|Any CPU
		{AD8684CB-B45C-4696-8D56-5FD05271801D}.Release|Any CPU.ActiveCfg = Release|Any CPU
		{AD8684CB-B45C-4696-8D56-5FD05271801D}.Release|Any CPU.Build.0 = Release|Any CPU
		{ACFCB942-C4EB-472A-9DFC-B363539FAD56}.Debug|Any CPU.ActiveCfg = Debug|Any CPU
		{ACFCB942-C4EB-472A-9DFC-B363539FAD56}.Debug|Any CPU.Build.0 = Debug|Any CPU
		{ACFCB942-C4EB-472A-9DFC-B363539FAD56}.Release|Any CPU.ActiveCfg = Release|Any CPU
		{ACFCB942-C4EB-472A-9DFC-B363539FAD56}.Release|Any CPU.Build.0 = Release|Any CPU
	EndGlobalSection
	GlobalSection(SolutionProperties) = preSolution
		HideSolutionNode = FALSE
	EndGlobalSection
	GlobalSection(ExtensibilityGlobals) = postSolution
		SolutionGuid = {EA282244-FECA-4A12-8229-9014840D4E20}
	EndGlobalSection
EndGlobal
